# THIS IS AN AUTOGENERATED FILE. DO NOT EDIT THIS FILE DIRECTLY.
# yarn lockfile v1


"@faker-js/faker@^7.1.0":
  version "7.1.0"
  resolved "https://registry.yarnpkg.com/@faker-js/faker/-/faker-7.1.0.tgz#019eeb2c20030e475a1bd05df1cc7b7e72c039d5"
  integrity sha512-G+EvE29QUd9/6GTrwA/TK2AiN79W4ZG6kyJqj2RAqUqEd8A8ICnjA3Rj3F2IaaA+sq6WJzs4lh8GJJRDG1UH7A==
